
Microsoft Visual Studio Solution File, Format Version 12.00
# Visual Studio Version 16
VisualStudioVersion = 16.0.30907.101
MinimumVisualStudioVersion = 10.0.40219.1
Project("{FAE04EC0-301F-11D3-BF4B-00C04F79EFBC}") = "datetime", "datetime.csproj", "{9AD74440-CB4B-4AF7-853E-E369D892AB42}"
EndProject
Global
	GlobalSection(SolutionConfigurationPlatforms) = preSolution
		Debug|Any CPU = Debug|Any CPU
		Release|Any CPU = Release|Any CPU
	EndGlobalSection
	GlobalSection(ProjectConfigurationPlatforms) = postSolution
		{9AD74440-CB4B-4AF7-853E-E369D892AB42}.Debug|Any CPU.ActiveCfg = Debug|Any CPU
		{9AD74440-CB4B-4AF7-853E-E369D892AB42}.Debug|Any CPU.Build.0 = Debug|Any CPU
		{9AD74440-CB4B-4AF7-853E-E369D892AB42}.Release|Any CPU.ActiveCfg = Release|Any CPU
		{9AD74440-CB4B-4AF7-853E-E369D892AB42}.Release|Any CPU.Build.0 = Release|Any CPU
	EndGlobalSection
	GlobalSection(SolutionProperties) = preSolution
		HideSolutionNode = FALSE
	EndGlobalSection
	GlobalSection(ExtensibilityGlobals) = postSolution
		SolutionGuid = {FBAD3C99-D8AA-47CC-8A2F-AFFFFDCBA817}
	EndGlobalSection
EndGlobal
